# This file is automatically @generated by Poetry 1.5.1 and should not be changed by hand.

[[package]]
name = "darkdetect"
version = "0.7.1"
description = "Detect OS Dark Mode from Python"
optional = false
python-versions = "*"
files = [
    {file = "darkdetect-0.7.1-py2.py3-none-any.whl", hash = "sha256:3efe69f8ecd5f1b7f4fbb0d1d93f656b0e493c45cc49222380ffe2a529cbc866"},
    {file = "darkdetect-0.7.1.tar.gz", hash = "sha256:47be3cf5134432ddb616bbffc927237718407914993c82809983e7ccebf49013"},
]

[[package]]
name = "peewee"
version = "3.16.2"
description = "a little orm"
optional = false
python-versions = "*"
files = [
    {file = "peewee-3.16.2.tar.gz", hash = "sha256:10769981198c7311f84a0ca8db892fa213303a8eb1305deb795a71e7bd606a91"},
]

[[package]]
name = "pyqtdarktheme"
version = "2.1.0"
description = "Flat dark theme for PySide and PyQt."
optional = false
python-versions = ">=3.7,<3.12"
files = [
    {file = "pyqtdarktheme-2.1.0-py3-none-any.whl", hash = "sha256:8739d99502230fbaca42551ea033c9ae31c81c4ebfec2f1ffde38f32a18bea7a"},
    {file = "pyqtdarktheme-2.1.0.tar.gz", hash = "sha256:5f8274ddfa3a5481ed9743cdb0f9debfeb7ff695b3a0d202a8104361d17dadb8"},
]

[package.dependencies]
darkdetect = ">=0.7.1,<0.8.0"

[[package]]
name = "pyside6"
version = "6.5.1.1"
description = "Python bindings for the Qt cross-platform application and UI framework"
optional = false
python-versions = "<3.12,>=3.7"
files = [
    {file = "PySide6-6.5.1.1-cp37-abi3-macosx_10_9_universal2.whl", hash = "sha256:dc2d249ea2486526d1bb74e6cf96e2b49f2089cf069ab289a168aa48b5c251d5"},
    {file = "PySide6-6.5.1.1-cp37-abi3-manylinux_2_28_x86_64.whl", hash = "sha256:b7b6588527eb1ca45afb8918f109d827f7d248beaec14e7acdaea18883680aee"},
    {file = "PySide6-6.5.1.1-cp37-abi3-win_amd64.whl", hash = "sha256:1517dd56f7235a98f3e1fcc983d3c8cf3d539b33164815c6e06442a297d2ab0d"},
    {file = "PySide6-6.5.1.1-pp39-pypy39_pp73-macosx_10_9_universal2.whl", hash = "sha256:a55403254ff7421bea5b8e2196fded24e4a0357d3b1f10d5f01ffc3ae937c71a"},
    {file = "PySide6-6.5.1.1-pp39-pypy39_pp73-manylinux_2_28_x86_64.whl", hash = "sha256:25c83843de0aa562631620721e4599eed55bc96747ed869caa631ecf92070951"},
    {file = "PySide6-6.5.1.1-pp39-pypy39_pp73-win_amd64.whl", hash = "sha256:645c1a99c37a0ce045b23fb35faacf54d98442cc16f621fe1dad2a1d2880e5e3"},
]

[package.dependencies]
PySide6-Addons = "6.5.1.1"
PySide6-Essentials = "6.5.1.1"
shiboken6 = "6.5.1.1"

[[package]]
name = "pyside6-addons"
version = "6.5.1.1"
description = "Python bindings for the Qt cross-platform application and UI framework (Addons)"
optional = false
python-versions = "<3.12,>=3.7"
files = [
    {file = "PySide6_Addons-6.5.1.1-cp37-abi3-macosx_10_9_universal2.whl", hash = "sha256:aadda3376a81dbead867380f7ae81d2fe0fb1ffd482bfc10212be8b0d06c2c4c"},
    {file = "PySide6_Addons-6.5.1.1-cp37-abi3-manylinux_2_28_x86_64.whl", hash = "sha256:cf18c88274d6c9c29cccbecb11c72b1f0b0bb077dc044f9b40354f13d0c1c52e"},
    {file = "PySide6_Addons-6.5.1.1-cp37-abi3-win_amd64.whl", hash = "sha256:d6370dfd03329cdcc91288d64bd1e26a5fc1908958b8a81fea5010a5849db441"},
    {file = "PySide6_Addons-6.5.1.1-pp39-pypy39_pp73-macosx_10_9_universal2.whl", hash = "sha256:e3ab22776e620d9467ffb2d76be06d5a3b8b3859d77e2e73f65f2b29018645e7"},
    {file = "PySide6_Addons-6.5.1.1-pp39-pypy39_pp73-manylinux_2_28_x86_64.whl", hash = "sha256:4e1bc141a7aa9488dc77c9b29ad412e417e601cc8e23050517f7c6c8634feb46"},
    {file = "PySide6_Addons-6.5.1.1-pp39-pypy39_pp73-win_amd64.whl", hash = "sha256:441f8797d6b01c9dd9b848d0e156b2b5042d71d9266d0a6ded48c9b1cd337821"},
]

[package.dependencies]
PySide6-Essentials = "6.5.1.1"
shiboken6 = "6.5.1.1"

[[package]]
name = "pyside6-essentials"
version = "6.5.1.1"
description = "Python bindings for the Qt cross-platform application and UI framework (Essentials)"
optional = false
python-versions = "<3.12,>=3.7"
files = [
    {file = "PySide6_Essentials-6.5.1.1-cp37-abi3-macosx_10_9_universal2.whl", hash = "sha256:c0cc3b1e7ca0e6b7a0cb8190a8538242972df43c1f9014cc0cd066d4ed7fc83a"},
    {file = "PySide6_Essentials-6.5.1.1-cp37-abi3-manylinux_2_28_x86_64.whl", hash = "sha256:bfd8900b1bf6a595b7d63539817bc825941f737486a093d519514c5b67af789f"},
    {file = "PySide6_Essentials-6.5.1.1-cp37-abi3-win_amd64.whl", hash = "sha256:1346e6a4e97d97f54e6c0805150c6dead4cc0e7914d77167f836eb36b83acb5c"},
    {file = "PySide6_Essentials-6.5.1.1-pp39-pypy39_pp73-macosx_10_9_universal2.whl", hash = "sha256:0111386918064fa84a498ed7a6e93ec4155fe96e8d4f9c9e3ac54a5b65ddfadf"},
    {file = "PySide6_Essentials-6.5.1.1-pp39-pypy39_pp73-manylinux_2_28_x86_64.whl", hash = "sha256:6264b00099a9bed0020460033e2a4369513e0e69f7abe3f436c3c6390164bcea"},
    {file = "PySide6_Essentials-6.5.1.1-pp39-pypy39_pp73-win_amd64.whl", hash = "sha256:620cefb6c954d59f941f06acecfe5cdf42bf470f2f3e6b9d023f49f93d740080"},
]

[package.dependencies]
shiboken6 = "6.5.1.1"

[[package]]
name = "pyusb"
version = "1.2.1"
description = "Python USB access module"
optional = false
python-versions = ">=3.6.0"
files = [
    {file = "pyusb-1.2.1-py3-none-any.whl", hash = "sha256:2b4c7cb86dbadf044dfb9d3a4ff69fd217013dbe78a792177a3feb172449ea36"},
    {file = "pyusb-1.2.1.tar.gz", hash = "sha256:a4cc7404a203144754164b8b40994e2849fde1cfff06b08492f12fff9d9de7b9"},
]

[[package]]
name = "shiboken6"
version = "6.5.1.1"
description = "Python/C++ bindings helper module"
optional = false
python-versions = "<3.12,>=3.7"
files = [
    {file = "shiboken6-6.5.1.1-cp37-abi3-macosx_10_9_universal2.whl", hash = "sha256:59fc1797df38c9e8c89cc43d5996a4c0331d0258087fa9d6466b03822aba6ff2"},
    {file = "shiboken6-6.5.1.1-cp37-abi3-manylinux_2_28_x86_64.whl", hash = "sha256:4338a8eb00e8d6f5b27edf85ab689ada905a4490c73ed3f23ff3b3c5f72a563e"},
    {file = "shiboken6-6.5.1.1-cp37-abi3-win_amd64.whl", hash = "sha256:aa6289cdbaa12f364f1c45d60d9d483c3842ee9cf6e9acdc3efd21cd460c2eb5"},
    {file = "shiboken6-6.5.1.1-pp39-pypy39_pp73-macosx_10_9_universal2.whl", hash = "sha256:db029b9d895052c1f42b1f929af3a5f6e688a88c5862aed24d5094086b034ab2"},
    {file = "shiboken6-6.5.1.1-pp39-pypy39_pp73-manylinux_2_28_x86_64.whl", hash = "sha256:1c7ba82093d66ace5c7a07ed9c7b4ea57a311ddbfecbe44aff7ed023efc8a380"},
    {file = "shiboken6-6.5.1.1-pp39-pypy39_pp73-win_amd64.whl", hash = "sha256:34cacba2954bff632476fbead190868c6f068a6dd9e5c8fd7d2ed4f8f5cfade4"},
]

[metadata]
lock-version = "2.0"
python-versions = "~3.10"
content-hash = "37950c446df048168b57ec84aa895d531b0ee70939093e16a33d8c4bb5903ffd"
