# This file is automatically @generated by Poetry 1.5.1 and should not be changed by hand.

[[package]]
name = "click"
version = "8.1.7"
description = "Composable command line interface toolkit"
optional = false
python-versions = ">=3.7"
files = [
    {file = "click-8.1.7-py3-none-any.whl", hash = "sha256:ae74fb96c20a0277a1d615f1e4d73c8414f5a98db8b799a7931d1582f3390c28"},
    {file = "click-8.1.7.tar.gz", hash = "sha256:ca9853ad459e787e2192211578cc907e7594e294c7ccc834310722b41b9ca6de"},
]

[package.dependencies]
colorama = {version = "*", markers = "platform_system == \"Windows\""}

[[package]]
name = "colorama"
version = "0.4.6"
description = "Cross-platform colored terminal text."
optional = false
python-versions = "!=3.0.*,!=3.1.*,!=3.2.*,!=3.3.*,!=3.4.*,!=3.5.*,!=3.6.*,>=2.7"
files = [
    {file = "colorama-0.4.6-py2.py3-none-any.whl", hash = "sha256:4f1d9991f5acc0ca119f9d443620b77f9d6b33703e51011c16baf57afb285fc6"},
    {file = "colorama-0.4.6.tar.gz", hash = "sha256:08695f5cb7ed6e0531a20572697297273c47b8cae5a63ffc6d6ed5c201be6e44"},
]

[[package]]
name = "darkdetect"
version = "0.7.1"
description = "Detect OS Dark Mode from Python"
optional = false
python-versions = "*"
files = [
    {file = "darkdetect-0.7.1-py2.py3-none-any.whl", hash = "sha256:3efe69f8ecd5f1b7f4fbb0d1d93f656b0e493c45cc49222380ffe2a529cbc866"},
    {file = "darkdetect-0.7.1.tar.gz", hash = "sha256:47be3cf5134432ddb616bbffc927237718407914993c82809983e7ccebf49013"},
]

[[package]]
name = "packaging"
version = "23.2"
description = "Core utilities for Python packages"
optional = false
python-versions = ">=3.7"
files = [
    {file = "packaging-23.2-py3-none-any.whl", hash = "sha256:8c491190033a9af7e1d931d0b5dacc2ef47509b34dd0de67ed209b5203fc88c7"},
    {file = "packaging-23.2.tar.gz", hash = "sha256:048fb0e9405036518eaaf48a55953c750c11e1a1b68e0dd1a9d62ed0c092cfc5"},
]

[[package]]
name = "partsscale"
version = "2.0.0"
description = "Python interface to the eX Systems USB scale."
optional = false
python-versions = ">=3.7,<4.0"
files = [
    {file = "partsscale-2.0.0-py3-none-any.whl", hash = "sha256:95ea52a33df5fcce15186722fc218d508cf8b4616f138398736d353b742fce37"},
]

[package.dependencies]
click = ">=8.1.7,<9.0.0"
pyusb = ">=1.2.1,<2.0.0"

[package.source]
type = "file"
url = "../../Websites/Parts/Scale/PartsScale/dist/partsscale-2.0.0-py3-none-any.whl"

[[package]]
name = "peewee"
version = "3.16.2"
description = "a little orm"
optional = false
python-versions = "*"
files = [
    {file = "peewee-3.16.2.tar.gz", hash = "sha256:10769981198c7311f84a0ca8db892fa213303a8eb1305deb795a71e7bd606a91"},
]

[[package]]
name = "pyqtdarktheme"
version = "2.1.0"
description = "Flat dark theme for PySide and PyQt."
optional = false
python-versions = ">=3.7,<3.12"
files = [
    {file = "pyqtdarktheme-2.1.0-py3-none-any.whl", hash = "sha256:8739d99502230fbaca42551ea033c9ae31c81c4ebfec2f1ffde38f32a18bea7a"},
    {file = "pyqtdarktheme-2.1.0.tar.gz", hash = "sha256:5f8274ddfa3a5481ed9743cdb0f9debfeb7ff695b3a0d202a8104361d17dadb8"},
]

[package.dependencies]
darkdetect = ">=0.7.1,<0.8.0"

[[package]]
name = "pyside6"
version = "6.5.1.1"
description = "Python bindings for the Qt cross-platform application and UI framework"
optional = false
python-versions = "<3.12,>=3.7"
files = [
    {file = "PySide6-6.5.1.1-cp37-abi3-macosx_10_9_universal2.whl", hash = "sha256:dc2d249ea2486526d1bb74e6cf96e2b49f2089cf069ab289a168aa48b5c251d5"},
    {file = "PySide6-6.5.1.1-cp37-abi3-manylinux_2_28_x86_64.whl", hash = "sha256:b7b6588527eb1ca45afb8918f109d827f7d248beaec14e7acdaea18883680aee"},
    {file = "PySide6-6.5.1.1-cp37-abi3-win_amd64.whl", hash = "sha256:1517dd56f7235a98f3e1fcc983d3c8cf3d539b33164815c6e06442a297d2ab0d"},
    {file = "PySide6-6.5.1.1-pp39-pypy39_pp73-macosx_10_9_universal2.whl", hash = "sha256:a55403254ff7421bea5b8e2196fded24e4a0357d3b1f10d5f01ffc3ae937c71a"},
    {file = "PySide6-6.5.1.1-pp39-pypy39_pp73-manylinux_2_28_x86_64.whl", hash = "sha256:25c83843de0aa562631620721e4599eed55bc96747ed869caa631ecf92070951"},
    {file = "PySide6-6.5.1.1-pp39-pypy39_pp73-win_amd64.whl", hash = "sha256:645c1a99c37a0ce045b23fb35faacf54d98442cc16f621fe1dad2a1d2880e5e3"},
]

[package.dependencies]
PySide6-Addons = "6.5.1.1"
PySide6-Essentials = "6.5.1.1"
shiboken6 = "6.5.1.1"

[[package]]
name = "pyside6-addons"
version = "6.5.1.1"
description = "Python bindings for the Qt cross-platform application and UI framework (Addons)"
optional = false
python-versions = "<3.12,>=3.7"
files = [
    {file = "PySide6_Addons-6.5.1.1-cp37-abi3-macosx_10_9_universal2.whl", hash = "sha256:aadda3376a81dbead867380f7ae81d2fe0fb1ffd482bfc10212be8b0d06c2c4c"},
    {file = "PySide6_Addons-6.5.1.1-cp37-abi3-manylinux_2_28_x86_64.whl", hash = "sha256:cf18c88274d6c9c29cccbecb11c72b1f0b0bb077dc044f9b40354f13d0c1c52e"},
    {file = "PySide6_Addons-6.5.1.1-cp37-abi3-win_amd64.whl", hash = "sha256:d6370dfd03329cdcc91288d64bd1e26a5fc1908958b8a81fea5010a5849db441"},
    {file = "PySide6_Addons-6.5.1.1-pp39-pypy39_pp73-macosx_10_9_universal2.whl", hash = "sha256:e3ab22776e620d9467ffb2d76be06d5a3b8b3859d77e2e73f65f2b29018645e7"},
    {file = "PySide6_Addons-6.5.1.1-pp39-pypy39_pp73-manylinux_2_28_x86_64.whl", hash = "sha256:4e1bc141a7aa9488dc77c9b29ad412e417e601cc8e23050517f7c6c8634feb46"},
    {file = "PySide6_Addons-6.5.1.1-pp39-pypy39_pp73-win_amd64.whl", hash = "sha256:441f8797d6b01c9dd9b848d0e156b2b5042d71d9266d0a6ded48c9b1cd337821"},
]

[package.dependencies]
PySide6-Essentials = "6.5.1.1"
shiboken6 = "6.5.1.1"

[[package]]
name = "pyside6-essentials"
version = "6.5.1.1"
description = "Python bindings for the Qt cross-platform application and UI framework (Essentials)"
optional = false
python-versions = "<3.12,>=3.7"
files = [
    {file = "PySide6_Essentials-6.5.1.1-cp37-abi3-macosx_10_9_universal2.whl", hash = "sha256:c0cc3b1e7ca0e6b7a0cb8190a8538242972df43c1f9014cc0cd066d4ed7fc83a"},
    {file = "PySide6_Essentials-6.5.1.1-cp37-abi3-manylinux_2_28_x86_64.whl", hash = "sha256:bfd8900b1bf6a595b7d63539817bc825941f737486a093d519514c5b67af789f"},
    {file = "PySide6_Essentials-6.5.1.1-cp37-abi3-win_amd64.whl", hash = "sha256:1346e6a4e97d97f54e6c0805150c6dead4cc0e7914d77167f836eb36b83acb5c"},
    {file = "PySide6_Essentials-6.5.1.1-pp39-pypy39_pp73-macosx_10_9_universal2.whl", hash = "sha256:0111386918064fa84a498ed7a6e93ec4155fe96e8d4f9c9e3ac54a5b65ddfadf"},
    {file = "PySide6_Essentials-6.5.1.1-pp39-pypy39_pp73-manylinux_2_28_x86_64.whl", hash = "sha256:6264b00099a9bed0020460033e2a4369513e0e69f7abe3f436c3c6390164bcea"},
    {file = "PySide6_Essentials-6.5.1.1-pp39-pypy39_pp73-win_amd64.whl", hash = "sha256:620cefb6c954d59f941f06acecfe5cdf42bf470f2f3e6b9d023f49f93d740080"},
]

[package.dependencies]
shiboken6 = "6.5.1.1"

[[package]]
name = "pyusb"
version = "1.2.1"
description = "Python USB access module"
optional = false
python-versions = ">=3.6.0"
files = [
    {file = "pyusb-1.2.1-py3-none-any.whl", hash = "sha256:2b4c7cb86dbadf044dfb9d3a4ff69fd217013dbe78a792177a3feb172449ea36"},
    {file = "pyusb-1.2.1.tar.gz", hash = "sha256:a4cc7404a203144754164b8b40994e2849fde1cfff06b08492f12fff9d9de7b9"},
]

[[package]]
name = "qtawesome"
version = "1.2.3"
description = "FontAwesome icons in PyQt and PySide applications"
optional = false
python-versions = ">=3.7"
files = [
    {file = "QtAwesome-1.2.3-py3-none-any.whl", hash = "sha256:0e8402af52f99f7f7a9d97adfdd715483028202ce8cb00216d9fa14fa8cbfcef"},
    {file = "QtAwesome-1.2.3.tar.gz", hash = "sha256:0db96484f3ac7a53c88279736b39b6f881a3f6bbd2163d4f0d043b74b1ef9131"},
]

[package.dependencies]
qtpy = "*"

[[package]]
name = "qtpy"
version = "2.4.0"
description = "Provides an abstraction layer on top of the various Qt bindings (PyQt5/6 and PySide2/6)."
optional = false
python-versions = ">=3.7"
files = [
    {file = "QtPy-2.4.0-py3-none-any.whl", hash = "sha256:4d4f045a41e09ac9fa57fcb47ef05781aa5af294a0a646acc1b729d14225e741"},
    {file = "QtPy-2.4.0.tar.gz", hash = "sha256:db2d508167aa6106781565c8da5c6f1487debacba33519cedc35fa8997d424d4"},
]

[package.dependencies]
packaging = "*"

[package.extras]
test = ["pytest (>=6,!=7.0.0,!=7.0.1)", "pytest-cov (>=3.0.0)", "pytest-qt"]

[[package]]
name = "rapidfuzz"
version = "3.3.1"
description = "rapid fuzzy string matching"
optional = false
python-versions = ">=3.7"
files = [
    {file = "rapidfuzz-3.3.1-cp310-cp310-macosx_10_9_universal2.whl", hash = "sha256:411b189af7451ba6bffbfc23fa7f971892cf5c7ff5b1fe2ec309bf7694bb290f"},
    {file = "rapidfuzz-3.3.1-cp310-cp310-macosx_10_9_x86_64.whl", hash = "sha256:55b6faf830bfcf8bdb92d33ae4b3d660c2aa7e510486173aecaf495b6229253d"},
    {file = "rapidfuzz-3.3.1-cp310-cp310-macosx_11_0_arm64.whl", hash = "sha256:38d6f7be45267698011aa0e50376bd1a039392edd6bc99ad2e9bdd1791e3ce97"},
    {file = "rapidfuzz-3.3.1-cp310-cp310-manylinux_2_17_aarch64.manylinux2014_aarch64.whl", hash = "sha256:5f154304cd26959361d773d2d9872f8439cb77fe6fad6da9710e39f97f17760b"},
    {file = "rapidfuzz-3.3.1-cp310-cp310-manylinux_2_17_i686.manylinux2014_i686.whl", hash = "sha256:54a07f9545affb1b4c9bb419a17648a470e1436acc60a80cafa125886860a113"},
    {file = "rapidfuzz-3.3.1-cp310-cp310-manylinux_2_17_ppc64le.manylinux2014_ppc64le.whl", hash = "sha256:f2a0e684b54e6dbf62e77cc311b501aad6520f596c8313905848a7f876d7f27b"},
    {file = "rapidfuzz-3.3.1-cp310-cp310-manylinux_2_17_s390x.manylinux2014_s390x.whl", hash = "sha256:2ccb8b22b71a500f9a2b800abb8237ee335b2fd44107b4483c945581eb4e8c4d"},
    {file = "rapidfuzz-3.3.1-cp310-cp310-manylinux_2_17_x86_64.manylinux2014_x86_64.whl", hash = "sha256:6b25eb9b0cc5135a1e43e2bff9fa2acc20bb12c21904ed588bcb140c05a2d459"},
    {file = "rapidfuzz-3.3.1-cp310-cp310-musllinux_1_1_aarch64.whl", hash = "sha256:8f5b8fd82d240e482fc2f30eb6dd85d26e486ceddc8537fb1b7274d62e227784"},
    {file = "rapidfuzz-3.3.1-cp310-cp310-musllinux_1_1_i686.whl", hash = "sha256:b43bd6aa31903770f5661b6c0ac21e90a1b76ac13034617e9dbd3b90442b1406"},
    {file = "rapidfuzz-3.3.1-cp310-cp310-musllinux_1_1_ppc64le.whl", hash = "sha256:db13dbc14c05050ccb5e2ee2528135170b1a38d0b6bf8c41996fd4b2e9490f86"},
    {file = "rapidfuzz-3.3.1-cp310-cp310-musllinux_1_1_s390x.whl", hash = "sha256:2b314e809c200042a4f61ab6b44c41b3bae335f8a21ebaccebc3500964672946"},
    {file = "rapidfuzz-3.3.1-cp310-cp310-musllinux_1_1_x86_64.whl", hash = "sha256:0763b5d4e53613fbbbc9dff610a3f4a0aa91e1426d629d5a25b6450a682c0e1d"},
    {file = "rapidfuzz-3.3.1-cp310-cp310-win32.whl", hash = "sha256:911b86d0fb12b7d467fa977a2eab091a9671836368154c359a0955c3640d50bf"},
    {file = "rapidfuzz-3.3.1-cp310-cp310-win_amd64.whl", hash = "sha256:a3a722491aeea07ab7cd4b320f9df7f0be90020ca9161315fc8c1eebdd3073d1"},
    {file = "rapidfuzz-3.3.1-cp310-cp310-win_arm64.whl", hash = "sha256:fb67eeb91942fbb19f020c2ea41bbdc69a242987e6a1abb8a161580c5b1ca5fa"},
    {file = "rapidfuzz-3.3.1-cp311-cp311-macosx_10_9_universal2.whl", hash = "sha256:54517a6ccce1cf612435010a45411408cba7d7697eb5208ec3b6ac90ed4cba53"},
    {file = "rapidfuzz-3.3.1-cp311-cp311-macosx_10_9_x86_64.whl", hash = "sha256:fec991fa6b4e7da6e7ac9aecfb90b03c37e275ec0241fec654473889f2aaf3bd"},
    {file = "rapidfuzz-3.3.1-cp311-cp311-macosx_11_0_arm64.whl", hash = "sha256:f3d9d498c1ae218dbb7419b54bfb2a02aa1ed454701409cd2f4e690437358871"},
    {file = "rapidfuzz-3.3.1-cp311-cp311-manylinux_2_17_aarch64.manylinux2014_aarch64.whl", hash = "sha256:ee68c3befc07917a71dd3a4c75ba11e5cb58ba0888240e7c393c1c2c51696d88"},
    {file = "rapidfuzz-3.3.1-cp311-cp311-manylinux_2_17_i686.manylinux2014_i686.whl", hash = "sha256:ad1dac1325eb2e3f9c6cd64df6eb65424ebf410fd115d16c48839dde69b7cd37"},
    {file = "rapidfuzz-3.3.1-cp311-cp311-manylinux_2_17_ppc64le.manylinux2014_ppc64le.whl", hash = "sha256:cc1cabace9998f2877ee039ce165e3e622209fa347f00cb8a276576f6ffd4e90"},
    {file = "rapidfuzz-3.3.1-cp311-cp311-manylinux_2_17_s390x.manylinux2014_s390x.whl", hash = "sha256:ded1b412c2bde3f1a072735bf1f551b7dc4bc9d1ba98abac2561b4b4b88c3568"},
    {file = "rapidfuzz-3.3.1-cp311-cp311-manylinux_2_17_x86_64.manylinux2014_x86_64.whl", hash = "sha256:0bdf0b5f52019b3b025a1542eb672554dd88721d5bc8dcc9537ac80442b0171e"},
    {file = "rapidfuzz-3.3.1-cp311-cp311-musllinux_1_1_aarch64.whl", hash = "sha256:e4e99e7fe0ab51a32db3a1fa6d7c9950ad66c5f379560698acb6377ecb4092b2"},
    {file = "rapidfuzz-3.3.1-cp311-cp311-musllinux_1_1_i686.whl", hash = "sha256:48e9b3369d99ec2250dd622afbf5a332974f72289e8e13f2739b3edd2260370d"},
    {file = "rapidfuzz-3.3.1-cp311-cp311-musllinux_1_1_ppc64le.whl", hash = "sha256:e4e298f0577d06f8116d0304de2b9f5db8c12c6c05e605307f0f6d8a959491d8"},
    {file = "rapidfuzz-3.3.1-cp311-cp311-musllinux_1_1_s390x.whl", hash = "sha256:332b6b734beadc710e81582e09b67684d170b351886d7ea76ccd306e94f95511"},
    {file = "rapidfuzz-3.3.1-cp311-cp311-musllinux_1_1_x86_64.whl", hash = "sha256:16883ad18be670cdc824ef8f5f65979b68025d08e20e597a0edf98dfa6d2dcb6"},
    {file = "rapidfuzz-3.3.1-cp311-cp311-win32.whl", hash = "sha256:d334369fa0201f5929ca4e9d4090ba2856ae6172db756e8fa7e326b6c09f9f13"},
    {file = "rapidfuzz-3.3.1-cp311-cp311-win_amd64.whl", hash = "sha256:b292eeced85c081cebe9fac389fd026a3818238a2f8676269e3dabecd25a4b9e"},
    {file = "rapidfuzz-3.3.1-cp311-cp311-win_arm64.whl", hash = "sha256:517cda15951860f33899b6c1f7df82710fd059a243e62b5a9dc8f8a305da5b27"},
    {file = "rapidfuzz-3.3.1-cp312-cp312-macosx_10_9_universal2.whl", hash = "sha256:3c273ac9c53d0f7718e183035c94b7c468fc38de92d12a0128d201a5d2700cfe"},
    {file = "rapidfuzz-3.3.1-cp312-cp312-macosx_10_9_x86_64.whl", hash = "sha256:3112ebe083ca561c78c354ffcea33719fb5801ffead0b39243d31e0ea5c61735"},
    {file = "rapidfuzz-3.3.1-cp312-cp312-macosx_11_0_arm64.whl", hash = "sha256:5a26038d2c6eab28aa2da998e0bffa2054a26920e11349ba8c12b85b6031ab85"},
    {file = "rapidfuzz-3.3.1-cp312-cp312-manylinux_2_17_aarch64.manylinux2014_aarch64.whl", hash = "sha256:410b4b1b4552de1ef8c70dceac553c46d701b78d733854b60b0ec65eaf7b0917"},
    {file = "rapidfuzz-3.3.1-cp312-cp312-manylinux_2_17_i686.manylinux2014_i686.whl", hash = "sha256:f1410d98d43743958c69391b38fc600f86315120b30cd73767e7faa19df3c533"},
    {file = "rapidfuzz-3.3.1-cp312-cp312-manylinux_2_17_ppc64le.manylinux2014_ppc64le.whl", hash = "sha256:b5d55e35420c8105eff6b3fe1d7718713d7fac3474c8f3da2ccac371c15d0b33"},
    {file = "rapidfuzz-3.3.1-cp312-cp312-manylinux_2_17_s390x.manylinux2014_s390x.whl", hash = "sha256:cffbe592da86a8912174ebed79859ab03fc76348ec1e8450673bce206eb3a3a4"},
    {file = "rapidfuzz-3.3.1-cp312-cp312-manylinux_2_17_x86_64.manylinux2014_x86_64.whl", hash = "sha256:04644984e61b151d96a1dfb5a2b10a405b2cd021b8b6fb3b7ab7ae0117d31e3d"},
    {file = "rapidfuzz-3.3.1-cp312-cp312-musllinux_1_1_aarch64.whl", hash = "sha256:e8f4593f4f6ffcac3946f22ad1d546cd0ca5048fecc771da0b6bd9424b8330d7"},
    {file = "rapidfuzz-3.3.1-cp312-cp312-musllinux_1_1_i686.whl", hash = "sha256:6461cba315db61c37f26a871c4d44d6e6cea752ec4caec335367a94635aefb3b"},
    {file = "rapidfuzz-3.3.1-cp312-cp312-musllinux_1_1_ppc64le.whl", hash = "sha256:138a99230963a3d6b982d332f0338ae61d9102dce5a362d2cfd7db7201b080fc"},
    {file = "rapidfuzz-3.3.1-cp312-cp312-musllinux_1_1_s390x.whl", hash = "sha256:4b3292f41c952eadcdccbd8b57cc87f6eefbaa39584c8846244ee9d65ae4e9c2"},
    {file = "rapidfuzz-3.3.1-cp312-cp312-musllinux_1_1_x86_64.whl", hash = "sha256:367281049ebb964af97cbe66a91ad759f44ac75855427f8e9f30194743b3d30b"},
    {file = "rapidfuzz-3.3.1-cp312-cp312-win32.whl", hash = "sha256:b9f5bb52c2d5be4775afb34dbc336afe99d82e62154ed1d4a6d9e09b6a11e60c"},
    {file = "rapidfuzz-3.3.1-cp312-cp312-win_amd64.whl", hash = "sha256:7263beaf5a4f0eeaec521e417a783b9442dd4972d7b4536d48979b63285b5e03"},
    {file = "rapidfuzz-3.3.1-cp312-cp312-win_arm64.whl", hash = "sha256:84e3abc53ce2125337665f33d26bb1b3eeea391d57d826f4e3dae795b2c552a6"},
    {file = "rapidfuzz-3.3.1-cp37-cp37m-macosx_10_9_x86_64.whl", hash = "sha256:13db29a8ab077376bf096ef6e339dbbc3aaccae3b23cc034c0cc3149856b116d"},
    {file = "rapidfuzz-3.3.1-cp37-cp37m-manylinux_2_17_aarch64.manylinux2014_aarch64.whl", hash = "sha256:1ecf81490bd01a376b09d0d0f4ddf0cea93047145ec8e016cdb7354d8cd66219"},
    {file = "rapidfuzz-3.3.1-cp37-cp37m-manylinux_2_17_i686.manylinux2014_i686.whl", hash = "sha256:1fa10eebd70754614375c21a0e06e8a64e0d33b785d78a22dc9dfbaea8e53cd3"},
    {file = "rapidfuzz-3.3.1-cp37-cp37m-manylinux_2_17_ppc64le.manylinux2014_ppc64le.whl", hash = "sha256:5533038cf5082e13bb8137741d15625ad30e475ee4da811c0d83f7bcc6fb3d22"},
    {file = "rapidfuzz-3.3.1-cp37-cp37m-manylinux_2_17_s390x.manylinux2014_s390x.whl", hash = "sha256:6e50c12d0620428d14c45598491b1f6fb62bfd8b064c087bb1c205b10d09b33b"},
    {file = "rapidfuzz-3.3.1-cp37-cp37m-manylinux_2_17_x86_64.manylinux2014_x86_64.whl", hash = "sha256:83f3dd875162707548fcbf80c59137ea226a87ef421d119b483afc22cd590911"},
    {file = "rapidfuzz-3.3.1-cp37-cp37m-musllinux_1_1_aarch64.whl", hash = "sha256:8e7edd355e159a077796107116356e528024a1fd7e7d822a51600930681d98b4"},
    {file = "rapidfuzz-3.3.1-cp37-cp37m-musllinux_1_1_i686.whl", hash = "sha256:8d0622807b9ebc0e71e4bc48cbd61d26aa73c0dbf18d8cd995de4e6e1bf1f25b"},
    {file = "rapidfuzz-3.3.1-cp37-cp37m-musllinux_1_1_ppc64le.whl", hash = "sha256:fa7787655432478a4d4e20b410fa38c2e56146c5a1a948aeb03e90282f999b2d"},
    {file = "rapidfuzz-3.3.1-cp37-cp37m-musllinux_1_1_s390x.whl", hash = "sha256:658a206302ac38efec87e5989899a61948c8d41cdd4c4b5ed650744fe0627b84"},
    {file = "rapidfuzz-3.3.1-cp37-cp37m-musllinux_1_1_x86_64.whl", hash = "sha256:e3331534c475e152bb4508f8bdf810814666aa061a5835a7fdde1c722088ebd7"},
    {file = "rapidfuzz-3.3.1-cp37-cp37m-win32.whl", hash = "sha256:3fa0b231b5932f0e3f77d5a893e3cb49b3af1dd5de2a9412c8a975beeb319b9f"},
    {file = "rapidfuzz-3.3.1-cp37-cp37m-win_amd64.whl", hash = "sha256:b758f7a6b2eb03264fc45ed3bbbf7f47e871e8843ff2a49bbeeb8bdf4bd9b435"},
    {file = "rapidfuzz-3.3.1-cp38-cp38-macosx_10_9_universal2.whl", hash = "sha256:6fb7a1180e4067fc226d85d622711667dd7bf7ad54e7520eda0197fe01795ee6"},
    {file = "rapidfuzz-3.3.1-cp38-cp38-macosx_10_9_x86_64.whl", hash = "sha256:376d599c592a2bcb75ed2c0cc2ec3f4d08e9df6bcc59456f5b5f73eda3387a11"},
    {file = "rapidfuzz-3.3.1-cp38-cp38-macosx_11_0_arm64.whl", hash = "sha256:34bc0f1b212458780b1263772741906838bb78a229be34b6edd5fcb87525e55f"},
    {file = "rapidfuzz-3.3.1-cp38-cp38-manylinux_2_17_aarch64.manylinux2014_aarch64.whl", hash = "sha256:75ecdfa7715ad139ae3a30c3d6c5fd8ed7d72b2cef6a27b8818c0256783cac75"},
    {file = "rapidfuzz-3.3.1-cp38-cp38-manylinux_2_17_i686.manylinux2014_i686.whl", hash = "sha256:e3a952022b2f7529b6ca3c86146f75daa183acb656b851c394feaf1586fb64be"},
    {file = "rapidfuzz-3.3.1-cp38-cp38-manylinux_2_17_ppc64le.manylinux2014_ppc64le.whl", hash = "sha256:e515b62a58f9846e6be9b8e543dc850de4bc6a5ab3cebf0183648e06e16e72e1"},
    {file = "rapidfuzz-3.3.1-cp38-cp38-manylinux_2_17_s390x.manylinux2014_s390x.whl", hash = "sha256:3163a01436708447330cbf59bfeb491137809db4528d32453ebf230f952e10ed"},
    {file = "rapidfuzz-3.3.1-cp38-cp38-manylinux_2_17_x86_64.manylinux2014_x86_64.whl", hash = "sha256:7cdba516d49798f3b3bc645ba72c740cb4bcfb5865f4f9de3ccf526c94f85044"},
    {file = "rapidfuzz-3.3.1-cp38-cp38-musllinux_1_1_aarch64.whl", hash = "sha256:a9a2bd94b7162054fbdf257ee847f0c98ef9b697ef7f9398f5c9a39e9bc537b5"},
    {file = "rapidfuzz-3.3.1-cp38-cp38-musllinux_1_1_i686.whl", hash = "sha256:4750f67e530c1ea793d3764bec14914ace2320c90564a89823e3c49f74dc2b98"},
    {file = "rapidfuzz-3.3.1-cp38-cp38-musllinux_1_1_ppc64le.whl", hash = "sha256:0f36304dfc5226c985f6ee399cf840035945fd947c5e47b8418e98e58f913b84"},
    {file = "rapidfuzz-3.3.1-cp38-cp38-musllinux_1_1_s390x.whl", hash = "sha256:cf97b47a42f0419504b0d099f39408c3ac693150f6abcbfd69c59816d2c5a35a"},
    {file = "rapidfuzz-3.3.1-cp38-cp38-musllinux_1_1_x86_64.whl", hash = "sha256:0f07fb259e9839b1708428a4a3ae0aa8e7919aa69b86bf670f105bb35cde042f"},
    {file = "rapidfuzz-3.3.1-cp38-cp38-win32.whl", hash = "sha256:5eec1540f15bbd9755210de05d363b4023cbd06ce7ee215b636c2061e823446e"},
    {file = "rapidfuzz-3.3.1-cp38-cp38-win_amd64.whl", hash = "sha256:3dd193960ebf93c5a27022863c37fab66a8459636a1c3ea221fefba1e56d5f4d"},
    {file = "rapidfuzz-3.3.1-cp39-cp39-macosx_10_9_universal2.whl", hash = "sha256:9a9d2511368973c7f7760baeff7b5c6a4bfdd90dd22fbee3775f32ff2440173d"},
    {file = "rapidfuzz-3.3.1-cp39-cp39-macosx_10_9_x86_64.whl", hash = "sha256:9736b634b23abcfa23ba6d6f91c92706772a4b146d05eafd52afafa9afdc0600"},
    {file = "rapidfuzz-3.3.1-cp39-cp39-macosx_11_0_arm64.whl", hash = "sha256:a7038fd90def8971cae57104cb4079ed8dae06dd8a9e640a8a0a1aa0f0aad103"},
    {file = "rapidfuzz-3.3.1-cp39-cp39-manylinux_2_17_aarch64.manylinux2014_aarch64.whl", hash = "sha256:a4ab55786e034a55d15110c65dd0b25894fc2098488b0ba2eab445afd134a7c3"},
    {file = "rapidfuzz-3.3.1-cp39-cp39-manylinux_2_17_i686.manylinux2014_i686.whl", hash = "sha256:4ef2a2b95090d945d682506816bec0fdf5ad4f711618830c7f80e69260317929"},
    {file = "rapidfuzz-3.3.1-cp39-cp39-manylinux_2_17_ppc64le.manylinux2014_ppc64le.whl", hash = "sha256:f0a8476d74a8d585fa0dbc3ff88028051976438ff58cb11ca903ac5ee725c718"},
    {file = "rapidfuzz-3.3.1-cp39-cp39-manylinux_2_17_s390x.manylinux2014_s390x.whl", hash = "sha256:2944ccfac731da1e7685289754cb43ba7b7dacfb43e5e229eb17eded9c457b1f"},
    {file = "rapidfuzz-3.3.1-cp39-cp39-manylinux_2_17_x86_64.manylinux2014_x86_64.whl", hash = "sha256:dcbe35ef42ddca0602b4ebcb2ef9f23a4336595a3ed92a2ad70edb1ba17e2670"},
    {file = "rapidfuzz-3.3.1-cp39-cp39-musllinux_1_1_aarch64.whl", hash = "sha256:2bb0540a29e2616e2ee99ed2e3398344114cf28632e7d662281a2487612ed87f"},
    {file = "rapidfuzz-3.3.1-cp39-cp39-musllinux_1_1_i686.whl", hash = "sha256:e3dab2098bc66add2ce5738b4a962a16673925158fe264298512cbc3063ca398"},
    {file = "rapidfuzz-3.3.1-cp39-cp39-musllinux_1_1_ppc64le.whl", hash = "sha256:052e107a7da8db68bc650181ae3dd787d582fffed1831c677c26dc09881dd76f"},
    {file = "rapidfuzz-3.3.1-cp39-cp39-musllinux_1_1_s390x.whl", hash = "sha256:5fa3c364c0dc04c10b5ac843527a977fb627023c4e4afc20af44ba3135c5da74"},
    {file = "rapidfuzz-3.3.1-cp39-cp39-musllinux_1_1_x86_64.whl", hash = "sha256:430144a0f03b2c182be2014dd505cb55f5e8f62806520f14406a03e299ddb5a5"},
    {file = "rapidfuzz-3.3.1-cp39-cp39-win32.whl", hash = "sha256:349f0db802b77f28bf167d7fa6f713d1daa023287a54f966db55cdfefaef4ff4"},
    {file = "rapidfuzz-3.3.1-cp39-cp39-win_amd64.whl", hash = "sha256:76632c85227306d3d9af2764942f30ed3599d13733d7b8aea6e37e97372d803c"},
    {file = "rapidfuzz-3.3.1-cp39-cp39-win_arm64.whl", hash = "sha256:8ddb50b03a2ab4d48905e9857ff3d58c5e18ba6f5970292731b627dfe05edd57"},
    {file = "rapidfuzz-3.3.1-pp37-pypy37_pp73-macosx_10_9_x86_64.whl", hash = "sha256:78fc4d37b67ba808aa50cfcbb906eb75034b38a02beb63fafe8f25cf2344c5f8"},
    {file = "rapidfuzz-3.3.1-pp37-pypy37_pp73-manylinux_2_17_aarch64.manylinux2014_aarch64.whl", hash = "sha256:0e50e8b9c95f14ca845a014839afda96e6be3d593fb01f41dbc00a460c443519"},
    {file = "rapidfuzz-3.3.1-pp37-pypy37_pp73-manylinux_2_17_i686.manylinux2014_i686.whl", hash = "sha256:fe0a5bc9046aae59cb0d2ea8dc281bf92b4c3a0137354753cc47629a840498ee"},
    {file = "rapidfuzz-3.3.1-pp37-pypy37_pp73-manylinux_2_17_x86_64.manylinux2014_x86_64.whl", hash = "sha256:95ef1e72e0f071200cdcebccac7a9c0b008dfc01c30c280053e37bfef740bfa7"},
    {file = "rapidfuzz-3.3.1-pp37-pypy37_pp73-win_amd64.whl", hash = "sha256:eed25c4a9adf4ea7b16dd1836be180e259fd1172a9771faddb1aeeec9fb1e813"},
    {file = "rapidfuzz-3.3.1-pp38-pypy38_pp73-macosx_10_9_x86_64.whl", hash = "sha256:28272f5dc9ecb921ea0e25c054b59368ff919e739166e4d065e9a95a3ae0b81d"},
    {file = "rapidfuzz-3.3.1-pp38-pypy38_pp73-manylinux_2_17_aarch64.manylinux2014_aarch64.whl", hash = "sha256:5721ca93a3085db225a4edc7225b1e7ab06d9a0d1d7722c07e9b1a625d704f46"},
    {file = "rapidfuzz-3.3.1-pp38-pypy38_pp73-manylinux_2_17_i686.manylinux2014_i686.whl", hash = "sha256:8f8f999d87cb71baa20b6bf7204bd5f82361de872447e892020be8effdae74df"},
    {file = "rapidfuzz-3.3.1-pp38-pypy38_pp73-manylinux_2_17_x86_64.manylinux2014_x86_64.whl", hash = "sha256:feb62d6db50455f5bde4468d85f92b4e06fab42adac29c53df3506cd41fed5ec"},
    {file = "rapidfuzz-3.3.1-pp38-pypy38_pp73-win_amd64.whl", hash = "sha256:d8639f6c800d1bafc004083d735a0977098ca142511150b5084b3b70dee199ab"},
    {file = "rapidfuzz-3.3.1-pp39-pypy39_pp73-macosx_10_9_x86_64.whl", hash = "sha256:d63def4d0e494e9fc9127567dbb82419686fa43ce96fa4dd63f3688a86c17ab0"},
    {file = "rapidfuzz-3.3.1-pp39-pypy39_pp73-manylinux_2_17_aarch64.manylinux2014_aarch64.whl", hash = "sha256:cad943889da89228bb93b0054252e48e49d6ce82c9851e78ad983902b7012c2d"},
    {file = "rapidfuzz-3.3.1-pp39-pypy39_pp73-manylinux_2_17_i686.manylinux2014_i686.whl", hash = "sha256:87efcad5c292fd62ebd5734d1758b44d9f664a0cef0802a11f924ad7468a1d8d"},
    {file = "rapidfuzz-3.3.1-pp39-pypy39_pp73-manylinux_2_17_x86_64.manylinux2014_x86_64.whl", hash = "sha256:ae0b21be06811cb546f24beada663b9d96dd81423cd353a8f6fa971e88ad210d"},
    {file = "rapidfuzz-3.3.1-pp39-pypy39_pp73-win_amd64.whl", hash = "sha256:6409621e49a8f0ec271a571ae363857a0c3600a656ebc5530f12937691ce73fb"},
    {file = "rapidfuzz-3.3.1.tar.gz", hash = "sha256:6783b3852f15ed7567688e2e358757a7b4f38683a915ba5edc6c64f1a3f0b450"},
]

[package.extras]
full = ["numpy"]

[[package]]
name = "shiboken6"
version = "6.5.1.1"
description = "Python/C++ bindings helper module"
optional = false
python-versions = "<3.12,>=3.7"
files = [
    {file = "shiboken6-6.5.1.1-cp37-abi3-macosx_10_9_universal2.whl", hash = "sha256:59fc1797df38c9e8c89cc43d5996a4c0331d0258087fa9d6466b03822aba6ff2"},
    {file = "shiboken6-6.5.1.1-cp37-abi3-manylinux_2_28_x86_64.whl", hash = "sha256:4338a8eb00e8d6f5b27edf85ab689ada905a4490c73ed3f23ff3b3c5f72a563e"},
    {file = "shiboken6-6.5.1.1-cp37-abi3-win_amd64.whl", hash = "sha256:aa6289cdbaa12f364f1c45d60d9d483c3842ee9cf6e9acdc3efd21cd460c2eb5"},
    {file = "shiboken6-6.5.1.1-pp39-pypy39_pp73-macosx_10_9_universal2.whl", hash = "sha256:db029b9d895052c1f42b1f929af3a5f6e688a88c5862aed24d5094086b034ab2"},
    {file = "shiboken6-6.5.1.1-pp39-pypy39_pp73-manylinux_2_28_x86_64.whl", hash = "sha256:1c7ba82093d66ace5c7a07ed9c7b4ea57a311ddbfecbe44aff7ed023efc8a380"},
    {file = "shiboken6-6.5.1.1-pp39-pypy39_pp73-win_amd64.whl", hash = "sha256:34cacba2954bff632476fbead190868c6f068a6dd9e5c8fd7d2ed4f8f5cfade4"},
]

[[package]]
name = "thefuzz"
version = "0.20.0"
description = "Fuzzy string matching in python"
optional = false
python-versions = ">=3.7"
files = [
    {file = "thefuzz-0.20.0-py3-none-any.whl", hash = "sha256:bd2b657a12bd8518917d2d71c53125368706233b822fac688fca956730154388"},
    {file = "thefuzz-0.20.0.tar.gz", hash = "sha256:a25e49786b1c4603c7fc6e2d69e6bc660982a2919698b536ff8354e0631cc40d"},
]

[package.dependencies]
rapidfuzz = ">=3.0.0,<4.0.0"

[[package]]
name = "timeago"
version = "1.0.16"
description = "A very simple python library, used to format datetime with `*** time ago` statement. eg: \"3 hours ago\"."
optional = false
python-versions = "*"
files = [
    {file = "timeago-1.0.16-py3-none-any.whl", hash = "sha256:9b8cb2e3102b329f35a04aa4531982d867b093b19481cfbb1dac7845fa2f79b0"},
]

[metadata]
lock-version = "2.0"
python-versions = "~3.10"
content-hash = "5513f8f18a6970f12197f417f908d07c15a20382ff5444ec9253075e50a4d767"
